
Microsoft Visual Studio Solution File, Format Version 12.00
# Visual Studio Version 16
VisualStudioVersion = 16.0.30523.141
MinimumVisualStudioVersion = 10.0.40219.1
Project("{2150E333-8FDC-42A3-9474-1A3956D46DE8}") = "src", "src", "{4E892D07-34F0-4FAA-9A70-E1BD272EA6BC}"
EndProject
Project("{2150E333-8FDC-42A3-9474-1A3956D46DE8}") = "tests", "tests", "{8CC5FB4D-156A-439C-87E5-35BF3B8EFBE1}"
EndProject
Project("{FAE04EC0-301F-11D3-BF4B-00C04F79EFBC}") = "NumberConverter.Core", "src\NumberConverter.Core\NumberConverter.Core.csproj", "{4A0789EF-194A-4C25-906A-CA9B6ECC7E39}"
EndProject
Project("{FAE04EC0-301F-11D3-BF4B-00C04F79EFBC}") = "NumberConverter.Test", "tests\NumberConverter.Test\NumberConverter.Test.csproj", "{0D16D5AD-C131-4D0F-9D60-A9480B187269}"
EndProject
Global
	GlobalSection(SolutionConfigurationPlatforms) = preSolution
		Debug|Any CPU = Debug|Any CPU
		Release|Any CPU = Release|Any CPU
	EndGlobalSection
	GlobalSection(ProjectConfigurationPlatforms) = postSolution
		{4A0789EF-194A-4C25-906A-CA9B6ECC7E39}.Debug|Any CPU.ActiveCfg = Debug|Any CPU
		{4A0789EF-194A-4C25-906A-CA9B6ECC7E39}.Debug|Any CPU.Build.0 = Debug|Any CPU
		{4A0789EF-194A-4C25-906A-CA9B6ECC7E39}.Release|Any CPU.ActiveCfg = Release|Any CPU
		{4A0789EF-194A-4C25-906A-CA9B6ECC7E39}.Release|Any CPU.Build.0 = Release|Any CPU
		{0D16D5AD-C131-4D0F-9D60-A9480B187269}.Debug|Any CPU.ActiveCfg = Debug|Any CPU
		{0D16D5AD-C131-4D0F-9D60-A9480B187269}.Debug|Any CPU.Build.0 = Debug|Any CPU
		{0D16D5AD-C131-4D0F-9D60-A9480B187269}.Release|Any CPU.ActiveCfg = Release|Any CPU
		{0D16D5AD-C131-4D0F-9D60-A9480B187269}.Release|Any CPU.Build.0 = Release|Any CPU
	EndGlobalSection
	GlobalSection(SolutionProperties) = preSolution
		HideSolutionNode = FALSE
	EndGlobalSection
	GlobalSection(NestedProjects) = preSolution
		{4A0789EF-194A-4C25-906A-CA9B6ECC7E39} = {4E892D07-34F0-4FAA-9A70-E1BD272EA6BC}
		{0D16D5AD-C131-4D0F-9D60-A9480B187269} = {8CC5FB4D-156A-439C-87E5-35BF3B8EFBE1}
	EndGlobalSection
	GlobalSection(ExtensibilityGlobals) = postSolution
		SolutionGuid = {1FF65A9A-439F-46A4-9E48-BE154A03CA0F}
	EndGlobalSection
EndGlobal
